
Microsoft Visual Studio Solution File, Format Version 12.00
# Visual Studio Version 17
VisualStudioVersion = 17.6.33815.320
MinimumVisualStudioVersion = 10.0.40219.1
Project("{FAE04EC0-301F-11D3-BF4B-00C04F79EFBC}") = "Api", "Api\Api.csproj", "{7B0860BA-6DD0-4038-8E2B-0DBF9296021A}"
EndProject
Project("{E53339B2-1760-4266-BCC7-CA923CBCF16C}") = "docker-compose", "docker-compose.dcproj", "{F90BCF8F-CA05-4085-88AB-74270D5D380E}"
EndProject
Project("{FAE04EC0-301F-11D3-BF4B-00C04F79EFBC}") = "Domain", "Domain\Domain.csproj", "{2CCAF50A-1018-4B1F-AB86-0B5E60D66D91}"
EndProject
Project("{FAE04EC0-301F-11D3-BF4B-00C04F79EFBC}") = "Data", "Data\Data.csproj", "{59A95851-A068-467C-92D8-40D991A9A5BB}"
EndProject
Project("{FAE04EC0-301F-11D3-BF4B-00C04F79EFBC}") = "Mapping", "Mapping\Mapping.csproj", "{C62A948D-63BC-46EC-8D93-46953A775E1E}"
EndProject
Global
	GlobalSection(SolutionConfigurationPlatforms) = preSolution
		Debug|Any CPU = Debug|Any CPU
		Release|Any CPU = Release|Any CPU
	EndGlobalSection
	GlobalSection(ProjectConfigurationPlatforms) = postSolution
		{7B0860BA-6DD0-4038-8E2B-0DBF9296021A}.Debug|Any CPU.ActiveCfg = Debug|Any CPU
		{7B0860BA-6DD0-4038-8E2B-0DBF9296021A}.Debug|Any CPU.Build.0 = Debug|Any CPU
		{7B0860BA-6DD0-4038-8E2B-0DBF9296021A}.Release|Any CPU.ActiveCfg = Release|Any CPU
		{7B0860BA-6DD0-4038-8E2B-0DBF9296021A}.Release|Any CPU.Build.0 = Release|Any CPU
		{F90BCF8F-CA05-4085-88AB-74270D5D380E}.Debug|Any CPU.ActiveCfg = Debug|Any CPU
		{F90BCF8F-CA05-4085-88AB-74270D5D380E}.Debug|Any CPU.Build.0 = Debug|Any CPU
		{F90BCF8F-CA05-4085-88AB-74270D5D380E}.Release|Any CPU.ActiveCfg = Release|Any CPU
		{F90BCF8F-CA05-4085-88AB-74270D5D380E}.Release|Any CPU.Build.0 = Release|Any CPU
		{2CCAF50A-1018-4B1F-AB86-0B5E60D66D91}.Debug|Any CPU.ActiveCfg = Debug|Any CPU
		{2CCAF50A-1018-4B1F-AB86-0B5E60D66D91}.Debug|Any CPU.Build.0 = Debug|Any CPU
		{2CCAF50A-1018-4B1F-AB86-0B5E60D66D91}.Release|Any CPU.ActiveCfg = Release|Any CPU
		{2CCAF50A-1018-4B1F-AB86-0B5E60D66D91}.Release|Any CPU.Build.0 = Release|Any CPU
		{59A95851-A068-467C-92D8-40D991A9A5BB}.Debug|Any CPU.ActiveCfg = Debug|Any CPU
		{59A95851-A068-467C-92D8-40D991A9A5BB}.Debug|Any CPU.Build.0 = Debug|Any CPU
		{59A95851-A068-467C-92D8-40D991A9A5BB}.Release|Any CPU.ActiveCfg = Release|Any CPU
		{59A95851-A068-467C-92D8-40D991A9A5BB}.Release|Any CPU.Build.0 = Release|Any CPU
		{C62A948D-63BC-46EC-8D93-46953A775E1E}.Debug|Any CPU.ActiveCfg = Debug|Any CPU
		{C62A948D-63BC-46EC-8D93-46953A775E1E}.Debug|Any CPU.Build.0 = Debug|Any CPU
		{C62A948D-63BC-46EC-8D93-46953A775E1E}.Release|Any CPU.ActiveCfg = Release|Any CPU
		{C62A948D-63BC-46EC-8D93-46953A775E1E}.Release|Any CPU.Build.0 = Release|Any CPU
	EndGlobalSection
	GlobalSection(SolutionProperties) = preSolution
		HideSolutionNode = FALSE
	EndGlobalSection
	GlobalSection(ExtensibilityGlobals) = postSolution
		SolutionGuid = {52B6D144-98E5-4EE2-AEF5-D7DBC7B16DFE}
	EndGlobalSection
EndGlobal
